PODS:
  - Bolts/Tasks (1.9.0)
  - CircleProgressBar (0.32)
  - Parse (1.17.1):
    - Parse/Core (= 1.17.1)
  - Parse/Core (1.17.1):
    - Bolts/Tasks (~> 1.9)
  - ParseUI (1.2.0):
    - Bolts/Tasks (~> 1.3)
    - Parse (~> 1.9)

DEPENDENCIES:
  - CircleProgressBar (~> 0.32)
  - Parse
  - ParseUI

SPEC REPOS:
  https://github.com/cocoapods/specs.git:
    - Bolts
    - CircleProgressBar
    - Parse
    - ParseUI

SPEC CHECKSUMS:
  Bolts: ac6567323eac61e203f6a9763667d0f711be34c8
  CircleProgressBar: 3920079be5224b62b3d9ed6eeb23ac01c835b681
  Parse: d3edaf8c7c722cb33cb83ba7821d015ae32d362d
  ParseUI: 2b37a0bc692a3e7666cf0c37b5521dfddd74a1af

PODFILE CHECKSUM: 390a9687735c8203e3e5b913bf892a5ab94e3b6b

COCOAPODS: 1.5.3
